
Microsoft Visual Studio Solution File, Format Version 12.00
# Visual Studio 15
VisualStudioVersion = 15.0.26730.16
MinimumVisualStudioVersion = 10.0.40219.1
Project("{FAE04EC0-301F-11D3-BF4B-00C04F79EFBC}") = "MixMedia.Upnp", "MixMedia.Upnp\MixMedia.Upnp\MixMedia.Upnp.csproj", "{A2EA2DD5-ADA7-471E-BE79-2E2B5194EB28}"
EndProject
Project("{FAE04EC0-301F-11D3-BF4B-00C04F79EFBC}") = "MixMedia.Upnp.Tests", "Tests\MixMedia.Upnp.Tests\MixMedia.Upnp.Tests.csproj", "{E013CC6A-FAD7-41DD-A38D-857703D64095}"
EndProject
Global
	GlobalSection(SolutionConfigurationPlatforms) = preSolution
		Debug|Any CPU = Debug|Any CPU
		Release|Any CPU = Release|Any CPU
	EndGlobalSection
	GlobalSection(ProjectConfigurationPlatforms) = postSolution
		{A2EA2DD5-ADA7-471E-BE79-2E2B5194EB28}.Debug|Any CPU.ActiveCfg = Debug|Any CPU
		{A2EA2DD5-ADA7-471E-BE79-2E2B5194EB28}.Debug|Any CPU.Build.0 = Debug|Any CPU
		{A2EA2DD5-ADA7-471E-BE79-2E2B5194EB28}.Release|Any CPU.ActiveCfg = Release|Any CPU
		{A2EA2DD5-ADA7-471E-BE79-2E2B5194EB28}.Release|Any CPU.Build.0 = Release|Any CPU
		{E013CC6A-FAD7-41DD-A38D-857703D64095}.Debug|Any CPU.ActiveCfg = Debug|Any CPU
		{E013CC6A-FAD7-41DD-A38D-857703D64095}.Debug|Any CPU.Build.0 = Debug|Any CPU
		{E013CC6A-FAD7-41DD-A38D-857703D64095}.Release|Any CPU.ActiveCfg = Release|Any CPU
		{E013CC6A-FAD7-41DD-A38D-857703D64095}.Release|Any CPU.Build.0 = Release|Any CPU
	EndGlobalSection
	GlobalSection(SolutionProperties) = preSolution
		HideSolutionNode = FALSE
	EndGlobalSection
	GlobalSection(ExtensibilityGlobals) = postSolution
		SolutionGuid = {C1C6FFCA-55EA-4AAA-9A94-C72281E93BAA}
	EndGlobalSection
EndGlobal
